// !$*UTF8*$!
{
	archiveVersion = 1;
	classes = {
	};
	objectVersion = 46;
	objects = {

/* Begin PBXBuildFile section */
		1AF1D8883EB8AAFEEB50A476 /* Pods_MyDetailApp.framework in Frameworks */ = {isa = PBXBuildFile; fileRef = 7F763DB664D0E7F9FA47D326 /* Pods_MyDetailApp.framework */; };
		91A9F95F1DD498DB00A11C0C /* AppDelegate.swift in Sources */ = {isa = PBXBuildFile; fileRef = 91A9F95E1DD498DB00A11C0C /* AppDelegate.swift */; };
		91A9F9661DD498DB00A11C0C /* Main.storyboard in Resources */ = {isa = PBXBuildFile; fileRef = 91A9F9641DD498DB00A11C0C /* Main.storyboard */; };
		91A9F9681DD498DB00A11C0C /* Assets.xcassets in Resources */ = {isa = PBXBuildFile; fileRef = 91A9F9671DD498DB00A11C0C /* Assets.xcassets */; };
		91A9F96B1DD498DB00A11C0C /* LaunchScreen.storyboard in Resources */ = {isa = PBXBuildFile; fileRef = 91A9F9691DD498DB00A11C0C /* LaunchScreen.storyboard */; };
		91A9F9731DD4A59500A11C0C /* MainTableViewController.swift in Sources */ = {isa = PBXBuildFile; fileRef = 91A9F9721DD4A59500A11C0C /* MainTableViewController.swift */; };
/* End PBXBuildFile section */

/* Begin PBXFileReference section */
		7F763DB664D0E7F9FA47D326 /* Pods_MyDetailApp.framework */ = {isa = PBXFileReference; explicitFileType = wrapper.framework; includeInIndex = 0; path = Pods_MyDetailApp.framework; sourceTree = BUILT_PRODUCTS_DIR; };
		91A9F95B1DD498DB00A11C0C /* MyDetailApp.app */ = {isa = PBXFileReference; explicitFileType = wrapper.application; includeInIndex = 0; path = MyDetailApp.app; sourceTree = BUILT_PRODUCTS_DIR; };
		91A9F95E1DD498DB00A11C0C /* AppDelegate.swift */ = {isa = PBXFileReference; lastKnownFileType = sourcecode.swift; path = AppDelegate.swift; sourceTree = "<group>"; };
		91A9F9651DD498DB00A11C0C /* Base */ = {isa = PBXFileReference; lastKnownFileType = file.storyboard; name = Base; path = Base.lproj/Main.storyboard; sourceTree = "<group>"; };
		91A9F9671DD498DB00A11C0C /* Assets.xcassets */ = {isa = PBXFileReference; lastKnownFileType = folder.assetcatalog; path = Assets.xcassets; sourceTree = "<group>"; };
		91A9F96A1DD498DB00A11C0C /* Base */ = {isa = PBXFileReference; lastKnownFileType = file.storyboard; name = Base; path = Base.lproj/LaunchScreen.storyboard; sourceTree = "<group>"; };
		91A9F96C1DD498DB00A11C0C /* Info.plist */ = {isa = PBXFileReference; lastKnownFileType = text.plist.xml; path = Info.plist; sourceTree = "<group>"; };
		91A9F9721DD4A59500A11C0C /* MainTableViewController.swift */ = {isa = PBXFileReference; fileEncoding = 4; lastKnownFileType = sourcecode.swift; path = MainTableViewController.swift; sourceTree = "<group>"; };
		97C23EF0452F59D78F66EDE4 /* Pods-MyDetailApp.debug.xcconfig */ = {isa = PBXFileReference; includeInIndex = 1; lastKnownFileType = text.xcconfig; name = "Pods-MyDetailApp.debug.xcconfig"; path = "Pods/Target Support Files/Pods-MyDetailApp/Pods-MyDetailApp.debug.xcconfig"; sourceTree = "<group>"; };
		A353DB1040DEFA5B9B76FFFA /* Pods-MyDetailApp.release.xcconfig */ = {isa = PBXFileReference; includeInIndex = 1; lastKnownFileType = text.xcconfig; name = "Pods-MyDetailApp.release.xcconfig"; path = "Pods/Target Support Files/Pods-MyDetailApp/Pods-MyDetailApp.release.xcconfig"; sourceTree = "<group>"; };
/* End PBXFileReference section */

/* Begin PBXFrameworksBuildPhase section */
		91A9F9581DD498DB00A11C0C /* Frameworks */ = {
			isa = PBXFrameworksBuildPhase;
			buildActionMask = 2147483647;
			files = (
				1AF1D8883EB8AAFEEB50A476 /* Pods_MyDetailApp.framework in Frameworks */,
			);
			runOnlyForDeploymentPostprocessing = 0;
		};
/* End PBXFrameworksBuildPhase section */

/* Begin PBXGroup section */
		91A9F9521DD498DB00A11C0C = {
			isa = PBXGroup;
			children = (
				91A9F95D1DD498DB00A11C0C /* MyDetailApp */,
				91A9F95C1DD498DB00A11C0C /* Products */,
				9D30C408D024677F7A574C31 /* Pods */,
				F3A7F874DDFC6186F8BC95A7 /* Frameworks */,
			);
			sourceTree = "<group>";
		};
		91A9F95C1DD498DB00A11C0C /* Products */ = {
			isa = PBXGroup;
			children = (
				91A9F95B1DD498DB00A11C0C /* MyDetailApp.app */,
			);
			name = Products;
			sourceTree = "<group>";
		};
		91A9F95D1DD498DB00A11C0C /* MyDetailApp */ = {
			isa = PBXGroup;
			children = (
				91A9F95E1DD498DB00A11C0C /* AppDelegate.swift */,
				91A9F9641DD498DB00A11C0C /* Main.storyboard */,
				91A9F9671DD498DB00A11C0C /* Assets.xcassets */,
				91A9F9691DD498DB00A11C0C /* LaunchScreen.storyboard */,
				91A9F96C1DD498DB00A11C0C /* Info.plist */,
				91A9F9721DD4A59500A11C0C /* MainTableViewController.swift */,
			);
			path = MyDetailApp;
			sourceTree = "<group>";
		};
		9D30C408D024677F7A574C31 /* Pods */ = {
			isa = PBXGroup;
			children = (
				97C23EF0452F59D78F66EDE4 /* Pods-MyDetailApp.debug.xcconfig */,
				A353DB1040DEFA5B9B76FFFA /* Pods-MyDetailApp.release.xcconfig */,
			);
			name = Pods;
			sourceTree = "<group>";
		};
		F3A7F874DDFC6186F8BC95A7 /* Frameworks */ = {
			isa = PBXGroup;
			children = (
				7F763DB664D0E7F9FA47D326 /* Pods_MyDetailApp.framework */,
			);
			name = Frameworks;
			sourceTree = "<group>";
		};
/* End PBXGroup section */

/* Begin PBXNativeTarget section */
		91A9F95A1DD498DB00A11C0C /* MyDetailApp */ = {
			isa = PBXNativeTarget;
			buildConfigurationList = 91A9F96F1DD498DB00A11C0C /* Build configuration list for PBXNativeTarget "MyDetailApp" */;
			buildPhases = (
				C3AE296D9E69AA2332111B92 /* [CP] Check Pods Manifest.lock */,
				91A9F9571DD498DB00A11C0C /* Sources */,
				91A9F9581DD498DB00A11C0C /* Frameworks */,
				91A9F9591DD498DB00A11C0C /* Resources */,
				0DDDC331716C9CF4F0188219 /* [CP] Embed Pods Frameworks */,
				36B5C2D8CBA683369F0D8811 /* [CP] Copy Pods Resources */,
			);
			buildRules = (
			);
			dependencies = (
			);
			name = MyDetailApp;
			productName = MyDetailApp;
			productReference = 91A9F95B1DD498DB00A11C0C /* MyDetailApp.app */;
			productType = "com.apple.product-type.application";
		};
/* End PBXNativeTarget section */

/* Begin PBXProject section */
		91A9F9531DD498DB00A11C0C /* Project object */ = {
			isa = PBXProject;
			attributes = {
				LastSwiftUpdateCheck = 0800;
				LastUpgradeCheck = 0800;
				ORGANIZATIONNAME = LostSeaWay;
				TargetAttributes = {
					91A9F95A1DD498DB00A11C0C = {
						CreatedOnToolsVersion = 8.0;
						ProvisioningStyle = Automatic;
					};
				};
			};
			buildConfigurationList = 91A9F9561DD498DB00A11C0C /* Build configuration list for PBXProject "MyDetailApp" */;
			compatibilityVersion = "Xcode 3.2";
			developmentRegion = English;
			hasScannedForEncodings = 0;
			knownRegions = (
				en,
				Base,
			);
			mainGroup = 91A9F9521DD498DB00A11C0C;
			productRefGroup = 91A9F95C1DD498DB00A11C0C /* Products */;
			projectDirPath = "";
			projectRoot = "";
			targets = (
				91A9F95A1DD498DB00A11C0C /* MyDetailApp */,
			);
		};
/* End PBXProject section */

/* Begin PBXResourcesBuildPhase section */
		91A9F9591DD498DB00A11C0C /* Resources */ = {
			isa = PBXResourcesBuildPhase;
			buildActionMask = 2147483647;
			files = (
				91A9F96B1DD498DB00A11C0C /* LaunchScreen.storyboard in Resources */,
				91A9F9681DD498DB00A11C0C /* Assets.xcassets in Resources */,
				91A9F9661DD498DB00A11C0C /* Main.storyboard in Resources */,
			);
			runOnlyForDeploymentPostprocessing = 0;
		};
/* End PBXResourcesBuildPhase section */

/* Begin PBXShellScriptBuildPhase section */
		0DDDC331716C9CF4F0188219 /* [CP] Embed Pods Frameworks */ = {
			isa = PBXShellScriptBuildPhase;
			buildActionMask = 2147483647;
			files = (
			);
			inputPaths = (
			);
			name = "[CP] Embed Pods Frameworks";
			outputPaths = (
			);
			runOnlyForDeploymentPostprocessing = 0;
			shellPath = /bin/sh;
			shellScript = "\"${SRCROOT}/Pods/Target Support Files/Pods-MyDetailApp/Pods-MyDetailApp-frameworks.sh\"\n";
			showEnvVarsInLog = 0;
		};
		36B5C2D8CBA683369F0D8811 /* [CP] Copy Pods Resources */ = {
			isa = PBXShellScriptBuildPhase;
			buildActionMask = 2147483647;
			files = (
			);
			inputPaths = (
			);
			name = "[CP] Copy Pods Resources";
			outputPaths = (
			);
			runOnlyForDeploymentPostprocessing = 0;
			shellPath = /bin/sh;
			shellScript = "\"${SRCROOT}/Pods/Target Support Files/Pods-MyDetailApp/Pods-MyDetailApp-resources.sh\"\n";
			showEnvVarsInLog = 0;
		};
		C3AE296D9E69AA2332111B92 /* [CP] Check Pods Manifest.lock */ = {
			isa = PBXShellScriptBuildPhase;
			buildActionMask = 2147483647;
			files = (
			);
			inputPaths = (
			);
			name = "[CP] Check Pods Manifest.lock";
			outputPaths = (
			);
			runOnlyForDeploymentPostprocessing = 0;
			shellPath = /bin/sh;
			shellScript = "diff \"${PODS_ROOT}/../Podfile.lock\" \"${PODS_ROOT}/Manifest.lock\" > /dev/null\nif [[ $? != 0 ]] ; then\n    cat << EOM\nerror: The sandbox is not in sync with the Podfile.lock. Run 'pod install' or update your CocoaPods installation.\nEOM\n    exit 1\nfi\n";
			showEnvVarsInLog = 0;
		};
/* End PBXShellScriptBuildPhase section */

/* Begin PBXSourcesBuildPhase section */
		91A9F9571DD498DB00A11C0C /* Sources */ = {
			isa = PBXSourcesBuildPhase;
			buildActionMask = 2147483647;
			files = (
				91A9F9731DD4A59500A11C0C /* MainTableViewController.swift in Sources */,
				91A9F95F1DD498DB00A11C0C /* AppDelegate.swift in Sources */,
			);
			runOnlyForDeploymentPostprocessing = 0;
		};
/* End PBXSourcesBuildPhase section */

/* Begin PBXVariantGroup section */
		91A9F9641DD498DB00A11C0C /* Main.storyboard */ = {
			isa = PBXVariantGroup;
			children = (
				91A9F9651DD498DB00A11C0C /* Base */,
			);
			name = Main.storyboard;
			sourceTree = "<group>";
		};
		91A9F9691DD498DB00A11C0C /* LaunchScreen.storyboard */ = {
			isa = PBXVariantGroup;
			children = (
				91A9F96A1DD498DB00A11C0C /* Base */,
			);
			name = LaunchScreen.storyboard;
			sourceTree = "<group>";
		};
/* End PBXVariantGroup section */

/* Begin XCBuildConfiguration section */
		91A9F96D1DD498DB00A11C0C /* Debug */ = {
			isa = XCBuildConfiguration;
			buildSettings = {
				ALWAYS_SEARCH_USER_PATHS = NO;
				CLANG_ANALYZER_NONNULL = YES;
				CLANG_CXX_LANGUAGE_STANDARD = "gnu++0x";
				CLANG_CXX_LIBRARY = "libc++";
				CLANG_ENABLE_MODULES = YES;
				CLANG_ENABLE_OBJC_ARC = YES;
				CLANG_WARN_BOOL_CONVERSION = YES;
				CLANG_WARN_CONSTANT_CONVERSION = YES;
				CLANG_WARN_DIRECT_OBJC_ISA_USAGE = YES_ERROR;
				CLANG_WARN_DOCUMENTATION_COMMENTS = YES;
				CLANG_WARN_EMPTY_BODY = YES;
				CLANG_WARN_ENUM_CONVERSION = YES;
				CLANG_WARN_INFINITE_RECURSION = YES;
				CLANG_WARN_INT_CONVERSION = YES;
				CLANG_WARN_OBJC_ROOT_CLASS = YES_ERROR;
				CLANG_WARN_SUSPICIOUS_MOVES = YES;
				CLANG_WARN_UNREACHABLE_CODE = YES;
				CLANG_WARN__DUPLICATE_METHOD_MATCH = YES;
				"CODE_SIGN_IDENTITY[sdk=iphoneos*]" = "iPhone Developer";
				COPY_PHASE_STRIP = NO;
				DEBUG_INFORMATION_FORMAT = dwarf;
				ENABLE_STRICT_OBJC_MSGSEND = YES;
				ENABLE_TESTABILITY = YES;
				GCC_C_LANGUAGE_STANDARD = gnu99;
				GCC_DYNAMIC_NO_PIC = NO;
				GCC_NO_COMMON_BLOCKS = YES;
				GCC_OPTIMIZATION_LEVEL = 0;
				GCC_PREPROCESSOR_DEFINITIONS = (
					"DEBUG=1",
					"$(inherited)",
				);
				GCC_WARN_64_TO_32_BIT_CONVERSION = YES;
				GCC_WARN_ABOUT_RETURN_TYPE = YES_ERROR;
				GCC_WARN_UNDECLARED_SELECTOR = YES;
				GCC_WARN_UNINITIALIZED_AUTOS = YES_AGGRESSIVE;
				GCC_WARN_UNUSED_FUNCTION = YES;
				GCC_WARN_UNUSED_VARIABLE = YES;
				IPHONEOS_DEPLOYMENT_TARGET = 10.0;
				MTL_ENABLE_DEBUG_INFO = YES;
				ONLY_ACTIVE_ARCH = YES;
				SDKROOT = iphoneos;
				SWIFT_ACTIVE_COMPILATION_CONDITIONS = DEBUG;
				SWIFT_OPTIMIZATION_LEVEL = "-Onone";
			};
			name = Debug;
		};
		91A9F96E1DD498DB00A11C0C /* Release */ = {
			isa = XCBuildConfiguration;
			buildSettings = {
				ALWAYS_SEARCH_USER_PATHS = NO;
				CLANG_ANALYZER_NONNULL = YES;
				CLANG_CXX_LANGUAGE_STANDARD = "gnu++0x";
				CLANG_CXX_LIBRARY = "libc++";
				CLANG_ENABLE_MODULES = YES;
				CLANG_ENABLE_OBJC_ARC = YES;
				CLANG_WARN_BOOL_CONVERSION = YES;
				CLANG_WARN_CONSTANT_CONVERSION = YES;
				CLANG_WARN_DIRECT_OBJC_ISA_USAGE = YES_ERROR;
				CLANG_WARN_DOCUMENTATION_COMMENTS = YES;
				CLANG_WARN_EMPTY_BODY = YES;
				CLANG_WARN_ENUM_CONVERSION = YES;
				CLANG_WARN_INFINITE_RECURSION = YES;
				CLANG_WARN_INT_CONVERSION = YES;
				CLANG_WARN_OBJC_ROOT_CLASS = YES_ERROR;
				CLANG_WARN_SUSPICIOUS_MOVES = YES;
				CLANG_WARN_UNREACHABLE_CODE = YES;
				CLANG_WARN__DUPLICATE_METHOD_MATCH = YES;
				"CODE_SIGN_IDENTITY[sdk=iphoneos*]" = "iPhone Developer";
				COPY_PHASE_STRIP = NO;
				DEBUG_INFORMATION_FORMAT = "dwarf-with-dsym";
				ENABLE_NS_ASSERTIONS = NO;
				ENABLE_STRICT_OBJC_MSGSEND = YES;
				GCC_C_LANGUAGE_STANDARD = gnu99;
				GCC_NO_COMMON_BLOCKS = YES;
				GCC_WARN_64_TO_32_BIT_CONVERSION = YES;
				GCC_WARN_ABOUT_RETURN_TYPE = YES_ERROR;
				GCC_WARN_UNDECLARED_SELECTOR = YES;
				GCC_WARN_UNINITIALIZED_AUTOS = YES_AGGRESSIVE;
				GCC_WARN_UNUSED_FUNCTION = YES;
				GCC_WARN_UNUSED_VARIABLE = YES;
				IPHONEOS_DEPLOYMENT_TARGET = 10.0;
				MTL_ENABLE_DEBUG_INFO = NO;
				SDKROOT = iphoneos;
				SWIFT_OPTIMIZATION_LEVEL = "-Owholemodule";
				VALIDATE_PRODUCT = YES;
			};
			name = Release;
		};
		91A9F9701DD498DB00A11C0C /* Debug */ = {
			isa = XCBuildConfiguration;
			baseConfigurationReference = 97C23EF0452F59D78F66EDE4 /* Pods-MyDetailApp.debug.xcconfig */;
			buildSettings = {
				ASSETCATALOG_COMPILER_APPICON_NAME = AppIcon;
				INFOPLIST_FILE = MyDetailApp/Info.plist;
				LD_RUNPATH_SEARCH_PATHS = "$(inherited) @executable_path/Frameworks";
				PRODUCT_BUNDLE_IDENTIFIER = com.lsw.MyDetailApp;
				PRODUCT_NAME = "$(TARGET_NAME)";
				SWIFT_VERSION = 3.0;
			};
			name = Debug;
		};
		91A9F9711DD498DB00A11C0C /* Release */ = {
			isa = XCBuildConfiguration;
			baseConfigurationReference = A353DB1040DEFA5B9B76FFFA /* Pods-MyDetailApp.release.xcconfig */;
			buildSettings = {
				ASSETCATALOG_COMPILER_APPICON_NAME = AppIcon;
				INFOPLIST_FILE = MyDetailApp/Info.plist;
				LD_RUNPATH_SEARCH_PATHS = "$(inherited) @executable_path/Frameworks";
				PRODUCT_BUNDLE_IDENTIFIER = com.lsw.MyDetailApp;
				PRODUCT_NAME = "$(TARGET_NAME)";
				SWIFT_VERSION = 3.0;
			};
			name = Release;
		};
/* End XCBuildConfiguration section */

/* Begin XCConfigurationList section */
		91A9F9561DD498DB00A11C0C /* Build configuration list for PBXProject "MyDetailApp" */ = {
			isa = XCConfigurationList;
			buildConfigurations = (
				91A9F96D1DD498DB00A11C0C /* Debug */,
				91A9F96E1DD498DB00A11C0C /* Release */,
			);
			defaultConfigurationIsVisible = 0;
			defaultConfigurationName = Release;
		};
		91A9F96F1DD498DB00A11C0C /* Build configuration list for PBXNativeTarget "MyDetailApp" */ = {
			isa = XCConfigurationList;
			buildConfigurations = (
				91A9F9701DD498DB00A11C0C /* Debug */,
				91A9F9711DD498DB00A11C0C /* Release */,
			);
			defaultConfigurationIsVisible = 0;
			defaultConfigurationName = Release;
		};
/* End XCConfigurationList section */
	};
	rootObject = 91A9F9531DD498DB00A11C0C /* Project object */;
}
